
Microsoft Visual Studio Solution File, Format Version 12.00
# Visual Studio Version 17
VisualStudioVersion = 17.5.002.0
MinimumVisualStudioVersion = 10.0.40219.1
Project("{9A19103F-16F7-4668-BE54-9A1E7A4F7556}") = "Play.Common", "Play.Common.csproj", "{B22F156C-B828-4B06-9903-E4D079FE1864}"
EndProject
Global
	GlobalSection(SolutionConfigurationPlatforms) = preSolution
		Debug|Any CPU = Debug|Any CPU
		Release|Any CPU = Release|Any CPU
	EndGlobalSection
	GlobalSection(ProjectConfigurationPlatforms) = postSolution
		{B22F156C-B828-4B06-9903-E4D079FE1864}.Debug|Any CPU.ActiveCfg = Debug|Any CPU
		{B22F156C-B828-4B06-9903-E4D079FE1864}.Debug|Any CPU.Build.0 = Debug|Any CPU
		{B22F156C-B828-4B06-9903-E4D079FE1864}.Release|Any CPU.ActiveCfg = Release|Any CPU
		{B22F156C-B828-4B06-9903-E4D079FE1864}.Release|Any CPU.Build.0 = Release|Any CPU
	EndGlobalSection
	GlobalSection(SolutionProperties) = preSolution
		HideSolutionNode = FALSE
	EndGlobalSection
	GlobalSection(ExtensibilityGlobals) = postSolution
		SolutionGuid = {178EB380-B9E3-47AA-8BB1-06E470E40A29}
	EndGlobalSection
EndGlobal
